// !$*UTF8*$!
{
	archiveVersion = 1;
	classes = {
	};
	objectVersion = 46;
	objects = {

/* Begin PBXBuildFile section */
		0B154079195DF9B10034B077 /* Foundation.framework in Frameworks */ = {isa = PBXBuildFile; fileRef = 0B154078195DF9B10034B077 /* Foundation.framework */; };
		0B15407B195DF9B10034B077 /* CoreGraphics.framework in Frameworks */ = {isa = PBXBuildFile; fileRef = 0B15407A195DF9B10034B077 /* CoreGraphics.framework */; };
		0B15407D195DF9B10034B077 /* UIKit.framework in Frameworks */ = {isa = PBXBuildFile; fileRef = 0B15407C195DF9B10034B077 /* UIKit.framework */; };
		0B154083195DF9B10034B077 /* InfoPlist.strings in Resources */ = {isa = PBXBuildFile; fileRef = 0B154081195DF9B10034B077 /* InfoPlist.strings */; };
		0B154085195DF9B10034B077 /* main.m in Sources */ = {isa = PBXBuildFile; fileRef = 0B154084195DF9B10034B077 /* main.m */; };
		0B154089195DF9B10034B077 /* CSAppDelegate.m in Sources */ = {isa = PBXBuildFile; fileRef = 0B154088195DF9B10034B077 /* CSAppDelegate.m */; };
		0B15408C195DF9B10034B077 /* Main.storyboard in Resources */ = {isa = PBXBuildFile; fileRef = 0B15408A195DF9B10034B077 /* Main.storyboard */; };
		0B15408F195DF9B10034B077 /* CSViewController.m in Sources */ = {isa = PBXBuildFile; fileRef = 0B15408E195DF9B10034B077 /* CSViewController.m */; };
		0B154091195DF9B10034B077 /* Images.xcassets in Resources */ = {isa = PBXBuildFile; fileRef = 0B154090195DF9B10034B077 /* Images.xcassets */; };
		0B154098195DF9B10034B077 /* XCTest.framework in Frameworks */ = {isa = PBXBuildFile; fileRef = 0B154097195DF9B10034B077 /* XCTest.framework */; };
		0B154099195DF9B10034B077 /* Foundation.framework in Frameworks */ = {isa = PBXBuildFile; fileRef = 0B154078195DF9B10034B077 /* Foundation.framework */; };
		0B15409A195DF9B10034B077 /* UIKit.framework in Frameworks */ = {isa = PBXBuildFile; fileRef = 0B15407C195DF9B10034B077 /* UIKit.framework */; };
		0B1540A2195DF9B10034B077 /* InfoPlist.strings in Resources */ = {isa = PBXBuildFile; fileRef = 0B1540A0195DF9B10034B077 /* InfoPlist.strings */; };
		0B1540A4195DF9B10034B077 /* WLStarterTests.m in Sources */ = {isa = PBXBuildFile; fileRef = 0B1540A3195DF9B10034B077 /* WLStarterTests.m */; };
/* End PBXBuildFile section */

/* Begin PBXContainerItemProxy section */
		0B15409B195DF9B10034B077 /* PBXContainerItemProxy */ = {
			isa = PBXContainerItemProxy;
			containerPortal = 0B15406D195DF9B10034B077 /* Project object */;
			proxyType = 1;
			remoteGlobalIDString = 0B154074195DF9B10034B077;
			remoteInfo = WLStarter;
		};
/* End PBXContainerItemProxy section */

/* Begin PBXFileReference section */
		0B154075195DF9B10034B077 /* WLStarter.app */ = {isa = PBXFileReference; explicitFileType = wrapper.application; includeInIndex = 0; path = WLStarter.app; sourceTree = BUILT_PRODUCTS_DIR; };
		0B154078195DF9B10034B077 /* Foundation.framework */ = {isa = PBXFileReference; lastKnownFileType = wrapper.framework; name = Foundation.framework; path = System/Library/Frameworks/Foundation.framework; sourceTree = SDKROOT; };
		0B15407A195DF9B10034B077 /* CoreGraphics.framework */ = {isa = PBXFileReference; lastKnownFileType = wrapper.framework; name = CoreGraphics.framework; path = System/Library/Frameworks/CoreGraphics.framework; sourceTree = SDKROOT; };
		0B15407C195DF9B10034B077 /* UIKit.framework */ = {isa = PBXFileReference; lastKnownFileType = wrapper.framework; name = UIKit.framework; path = System/Library/Frameworks/UIKit.framework; sourceTree = SDKROOT; };
		0B154080195DF9B10034B077 /* WLStarter-Info.plist */ = {isa = PBXFileReference; lastKnownFileType = text.plist.xml; path = "WLStarter-Info.plist"; sourceTree = "<group>"; };
		0B154082195DF9B10034B077 /* en */ = {isa = PBXFileReference; lastKnownFileType = text.plist.strings; name = en; path = en.lproj/InfoPlist.strings; sourceTree = "<group>"; };
		0B154084195DF9B10034B077 /* main.m */ = {isa = PBXFileReference; lastKnownFileType = sourcecode.c.objc; path = main.m; sourceTree = "<group>"; };
		0B154086195DF9B10034B077 /* WLStarter-Prefix.pch */ = {isa = PBXFileReference; lastKnownFileType = sourcecode.c.h; path = "WLStarter-Prefix.pch"; sourceTree = "<group>"; };
		0B154087195DF9B10034B077 /* CSAppDelegate.h */ = {isa = PBXFileReference; lastKnownFileType = sourcecode.c.h; path = CSAppDelegate.h; sourceTree = "<group>"; };
		0B154088195DF9B10034B077 /* CSAppDelegate.m */ = {isa = PBXFileReference; lastKnownFileType = sourcecode.c.objc; path = CSAppDelegate.m; sourceTree = "<group>"; };
		0B15408B195DF9B10034B077 /* Base */ = {isa = PBXFileReference; lastKnownFileType = file.storyboard; name = Base; path = Base.lproj/Main.storyboard; sourceTree = "<group>"; };
		0B15408D195DF9B10034B077 /* CSViewController.h */ = {isa = PBXFileReference; lastKnownFileType = sourcecode.c.h; path = CSViewController.h; sourceTree = "<group>"; };
		0B15408E195DF9B10034B077 /* CSViewController.m */ = {isa = PBXFileReference; lastKnownFileType = sourcecode.c.objc; path = CSViewController.m; sourceTree = "<group>"; };
		0B154090195DF9B10034B077 /* Images.xcassets */ = {isa = PBXFileReference; lastKnownFileType = folder.assetcatalog; path = Images.xcassets; sourceTree = "<group>"; };
		0B154096195DF9B10034B077 /* WLStarterTests.xctest */ = {isa = PBXFileReference; explicitFileType = wrapper.cfbundle; includeInIndex = 0; path = WLStarterTests.xctest; sourceTree = BUILT_PRODUCTS_DIR; };
		0B154097195DF9B10034B077 /* XCTest.framework */ = {isa = PBXFileReference; lastKnownFileType = wrapper.framework; name = XCTest.framework; path = Library/Frameworks/XCTest.framework; sourceTree = DEVELOPER_DIR; };
		0B15409F195DF9B10034B077 /* WLStarterTests-Info.plist */ = {isa = PBXFileReference; lastKnownFileType = text.plist.xml; path = "WLStarterTests-Info.plist"; sourceTree = "<group>"; };
		0B1540A1195DF9B10034B077 /* en */ = {isa = PBXFileReference; lastKnownFileType = text.plist.strings; name = en; path = en.lproj/InfoPlist.strings; sourceTree = "<group>"; };
		0B1540A3195DF9B10034B077 /* WLStarterTests.m */ = {isa = PBXFileReference; lastKnownFileType = sourcecode.c.objc; path = WLStarterTests.m; sourceTree = "<group>"; };
/* End PBXFileReference section */

/* Begin PBXFrameworksBuildPhase section */
		0B154072195DF9B10034B077 /* Frameworks */ = {
			isa = PBXFrameworksBuildPhase;
			buildActionMask = 2147483647;
			files = (
				0B15407B195DF9B10034B077 /* CoreGraphics.framework in Frameworks */,
				0B15407D195DF9B10034B077 /* UIKit.framework in Frameworks */,
				0B154079195DF9B10034B077 /* Foundation.framework in Frameworks */,
			);
			runOnlyForDeploymentPostprocessing = 0;
		};
		0B154093195DF9B10034B077 /* Frameworks */ = {
			isa = PBXFrameworksBuildPhase;
			buildActionMask = 2147483647;
			files = (
				0B154098195DF9B10034B077 /* XCTest.framework in Frameworks */,
				0B15409A195DF9B10034B077 /* UIKit.framework in Frameworks */,
				0B154099195DF9B10034B077 /* Foundation.framework in Frameworks */,
			);
			runOnlyForDeploymentPostprocessing = 0;
		};
/* End PBXFrameworksBuildPhase section */

/* Begin PBXGroup section */
		0B15406C195DF9B10034B077 = {
			isa = PBXGroup;
			children = (
				0B15407E195DF9B10034B077 /* WLStarter */,
				0B15409D195DF9B10034B077 /* WLStarterTests */,
				0B154077195DF9B10034B077 /* Frameworks */,
				0B154076195DF9B10034B077 /* Products */,
			);
			sourceTree = "<group>";
		};
		0B154076195DF9B10034B077 /* Products */ = {
			isa = PBXGroup;
			children = (
				0B154075195DF9B10034B077 /* WLStarter.app */,
				0B154096195DF9B10034B077 /* WLStarterTests.xctest */,
			);
			name = Products;
			sourceTree = "<group>";
		};
		0B154077195DF9B10034B077 /* Frameworks */ = {
			isa = PBXGroup;
			children = (
				0B154078195DF9B10034B077 /* Foundation.framework */,
				0B15407A195DF9B10034B077 /* CoreGraphics.framework */,
				0B15407C195DF9B10034B077 /* UIKit.framework */,
				0B154097195DF9B10034B077 /* XCTest.framework */,
			);
			name = Frameworks;
			sourceTree = "<group>";
		};
		0B15407E195DF9B10034B077 /* WLStarter */ = {
			isa = PBXGroup;
			children = (
				0B154087195DF9B10034B077 /* CSAppDelegate.h */,
				0B154088195DF9B10034B077 /* CSAppDelegate.m */,
				0B15408A195DF9B10034B077 /* Main.storyboard */,
				0B15408D195DF9B10034B077 /* CSViewController.h */,
				0B15408E195DF9B10034B077 /* CSViewController.m */,
				0B154090195DF9B10034B077 /* Images.xcassets */,
				0B15407F195DF9B10034B077 /* Supporting Files */,
			);
			path = WLStarter;
			sourceTree = "<group>";
		};
		0B15407F195DF9B10034B077 /* Supporting Files */ = {
			isa = PBXGroup;
			children = (
				0B154080195DF9B10034B077 /* WLStarter-Info.plist */,
				0B154081195DF9B10034B077 /* InfoPlist.strings */,
				0B154084195DF9B10034B077 /* main.m */,
				0B154086195DF9B10034B077 /* WLStarter-Prefix.pch */,
			);
			name = "Supporting Files";
			sourceTree = "<group>";
		};
		0B15409D195DF9B10034B077 /* WLStarterTests */ = {
			isa = PBXGroup;
			children = (
				0B1540A3195DF9B10034B077 /* WLStarterTests.m */,
				0B15409E195DF9B10034B077 /* Supporting Files */,
			);
			path = WLStarterTests;
			sourceTree = "<group>";
		};
		0B15409E195DF9B10034B077 /* Supporting Files */ = {
			isa = PBXGroup;
			children = (
				0B15409F195DF9B10034B077 /* WLStarterTests-Info.plist */,
				0B1540A0195DF9B10034B077 /* InfoPlist.strings */,
			);
			name = "Supporting Files";
			sourceTree = "<group>";
		};
/* End PBXGroup section */

/* Begin PBXNativeTarget section */
		0B154074195DF9B10034B077 /* WLStarter */ = {
			isa = PBXNativeTarget;
			buildConfigurationList = 0B1540A7195DF9B10034B077 /* Build configuration list for PBXNativeTarget "WLStarter" */;
			buildPhases = (
				0B154071195DF9B10034B077 /* Sources */,
				0B154072195DF9B10034B077 /* Frameworks */,
				0B154073195DF9B10034B077 /* Resources */,
			);
			buildRules = (
			);
			dependencies = (
			);
			name = WLStarter;
			productName = WLStarter;
			productReference = 0B154075195DF9B10034B077 /* WLStarter.app */;
			productType = "com.apple.product-type.application";
		};
		0B154095195DF9B10034B077 /* WLStarterTests */ = {
			isa = PBXNativeTarget;
			buildConfigurationList = 0B1540AA195DF9B10034B077 /* Build configuration list for PBXNativeTarget "WLStarterTests" */;
			buildPhases = (
				0B154092195DF9B10034B077 /* Sources */,
				0B154093195DF9B10034B077 /* Frameworks */,
				0B154094195DF9B10034B077 /* Resources */,
			);
			buildRules = (
			);
			dependencies = (
				0B15409C195DF9B10034B077 /* PBXTargetDependency */,
			);
			name = WLStarterTests;
			productName = WLStarterTests;
			productReference = 0B154096195DF9B10034B077 /* WLStarterTests.xctest */;
			productType = "com.apple.product-type.bundle.unit-test";
		};
/* End PBXNativeTarget section */

/* Begin PBXProject section */
		0B15406D195DF9B10034B077 /* Project object */ = {
			isa = PBXProject;
			attributes = {
				CLASSPREFIX = CS;
				LastUpgradeCheck = 0510;
				ORGANIZATIONNAME = "Carlos Santana";
				TargetAttributes = {
					0B154095195DF9B10034B077 = {
						TestTargetID = 0B154074195DF9B10034B077;
					};
				};
			};
			buildConfigurationList = 0B154070195DF9B10034B077 /* Build configuration list for PBXProject "WLStarter" */;
			compatibilityVersion = "Xcode 3.2";
			developmentRegion = English;
			hasScannedForEncodings = 0;
			knownRegions = (
				en,
				Base,
			);
			mainGroup = 0B15406C195DF9B10034B077;
			productRefGroup = 0B154076195DF9B10034B077 /* Products */;
			projectDirPath = "";
			projectRoot = "";
			targets = (
				0B154074195DF9B10034B077 /* WLStarter */,
				0B154095195DF9B10034B077 /* WLStarterTests */,
			);
		};
/* End PBXProject section */

/* Begin PBXResourcesBuildPhase section */
		0B154073195DF9B10034B077 /* Resources */ = {
			isa = PBXResourcesBuildPhase;
			buildActionMask = 2147483647;
			files = (
				0B154091195DF9B10034B077 /* Images.xcassets in Resources */,
				0B154083195DF9B10034B077 /* InfoPlist.strings in Resources */,
				0B15408C195DF9B10034B077 /* Main.storyboard in Resources */,
			);
			runOnlyForDeploymentPostprocessing = 0;
		};
		0B154094195DF9B10034B077 /* Resources */ = {
			isa = PBXResourcesBuildPhase;
			buildActionMask = 2147483647;
			files = (
				0B1540A2195DF9B10034B077 /* InfoPlist.strings in Resources */,
			);
			runOnlyForDeploymentPostprocessing = 0;
		};
/* End PBXResourcesBuildPhase section */

/* Begin PBXSourcesBuildPhase section */
		0B154071195DF9B10034B077 /* Sources */ = {
			isa = PBXSourcesBuildPhase;
			buildActionMask = 2147483647;
			files = (
				0B154089195DF9B10034B077 /* CSAppDelegate.m in Sources */,
				0B154085195DF9B10034B077 /* main.m in Sources */,
				0B15408F195DF9B10034B077 /* CSViewController.m in Sources */,
			);
			runOnlyForDeploymentPostprocessing = 0;
		};
		0B154092195DF9B10034B077 /* Sources */ = {
			isa = PBXSourcesBuildPhase;
			buildActionMask = 2147483647;
			files = (
				0B1540A4195DF9B10034B077 /* WLStarterTests.m in Sources */,
			);
			runOnlyForDeploymentPostprocessing = 0;
		};
/* End PBXSourcesBuildPhase section */

/* Begin PBXTargetDependency section */
		0B15409C195DF9B10034B077 /* PBXTargetDependency */ = {
			isa = PBXTargetDependency;
			target = 0B154074195DF9B10034B077 /* WLStarter */;
			targetProxy = 0B15409B195DF9B10034B077 /* PBXContainerItemProxy */;
		};
/* End PBXTargetDependency section */

/* Begin PBXVariantGroup section */
		0B154081195DF9B10034B077 /* InfoPlist.strings */ = {
			isa = PBXVariantGroup;
			children = (
				0B154082195DF9B10034B077 /* en */,
			);
			name = InfoPlist.strings;
			sourceTree = "<group>";
		};
		0B15408A195DF9B10034B077 /* Main.storyboard */ = {
			isa = PBXVariantGroup;
			children = (
				0B15408B195DF9B10034B077 /* Base */,
			);
			name = Main.storyboard;
			sourceTree = "<group>";
		};
		0B1540A0195DF9B10034B077 /* InfoPlist.strings */ = {
			isa = PBXVariantGroup;
			children = (
				0B1540A1195DF9B10034B077 /* en */,
			);
			name = InfoPlist.strings;
			sourceTree = "<group>";
		};
/* End PBXVariantGroup section */

/* Begin XCBuildConfiguration section */
		0B1540A5195DF9B10034B077 /* Debug */ = {
			isa = XCBuildConfiguration;
			buildSettings = {
				ALWAYS_SEARCH_USER_PATHS = NO;
				CLANG_CXX_LANGUAGE_STANDARD = "gnu++0x";
				CLANG_CXX_LIBRARY = "libc++";
				CLANG_ENABLE_MODULES = YES;
				CLANG_ENABLE_OBJC_ARC = YES;
				CLANG_WARN_BOOL_CONVERSION = YES;
				CLANG_WARN_CONSTANT_CONVERSION = YES;
				CLANG_WARN_DIRECT_OBJC_ISA_USAGE = YES_ERROR;
				CLANG_WARN_EMPTY_BODY = YES;
				CLANG_WARN_ENUM_CONVERSION = YES;
				CLANG_WARN_INT_CONVERSION = YES;
				CLANG_WARN_OBJC_ROOT_CLASS = YES_ERROR;
				CLANG_WARN__DUPLICATE_METHOD_MATCH = YES;
				"CODE_SIGN_IDENTITY[sdk=iphoneos*]" = "iPhone Developer";
				COPY_PHASE_STRIP = NO;
				GCC_C_LANGUAGE_STANDARD = gnu99;
				GCC_DYNAMIC_NO_PIC = NO;
				GCC_OPTIMIZATION_LEVEL = 0;
				GCC_PREPROCESSOR_DEFINITIONS = (
					"DEBUG=1",
					"$(inherited)",
				);
				GCC_SYMBOLS_PRIVATE_EXTERN = NO;
				GCC_WARN_64_TO_32_BIT_CONVERSION = YES;
				GCC_WARN_ABOUT_RETURN_TYPE = YES_ERROR;
				GCC_WARN_UNDECLARED_SELECTOR = YES;
				GCC_WARN_UNINITIALIZED_AUTOS = YES_AGGRESSIVE;
				GCC_WARN_UNUSED_FUNCTION = YES;
				GCC_WARN_UNUSED_VARIABLE = YES;
				IPHONEOS_DEPLOYMENT_TARGET = 7.1;
				ONLY_ACTIVE_ARCH = YES;
				SDKROOT = iphoneos;
			};
			name = Debug;
		};
		0B1540A6195DF9B10034B077 /* Release */ = {
			isa = XCBuildConfiguration;
			buildSettings = {
				ALWAYS_SEARCH_USER_PATHS = NO;
				CLANG_CXX_LANGUAGE_STANDARD = "gnu++0x";
				CLANG_CXX_LIBRARY = "libc++";
				CLANG_ENABLE_MODULES = YES;
				CLANG_ENABLE_OBJC_ARC = YES;
				CLANG_WARN_BOOL_CONVERSION = YES;
				CLANG_WARN_CONSTANT_CONVERSION = YES;
				CLANG_WARN_DIRECT_OBJC_ISA_USAGE = YES_ERROR;
				CLANG_WARN_EMPTY_BODY = YES;
				CLANG_WARN_ENUM_CONVERSION = YES;
				CLANG_WARN_INT_CONVERSION = YES;
				CLANG_WARN_OBJC_ROOT_CLASS = YES_ERROR;
				CLANG_WARN__DUPLICATE_METHOD_MATCH = YES;
				"CODE_SIGN_IDENTITY[sdk=iphoneos*]" = "iPhone Developer";
				COPY_PHASE_STRIP = YES;
				ENABLE_NS_ASSERTIONS = NO;
				GCC_C_LANGUAGE_STANDARD = gnu99;
				GCC_WARN_64_TO_32_BIT_CONVERSION = YES;
				GCC_WARN_ABOUT_RETURN_TYPE = YES_ERROR;
				GCC_WARN_UNDECLARED_SELECTOR = YES;
				GCC_WARN_UNINITIALIZED_AUTOS = YES_AGGRESSIVE;
				GCC_WARN_UNUSED_FUNCTION = YES;
				GCC_WARN_UNUSED_VARIABLE = YES;
				IPHONEOS_DEPLOYMENT_TARGET = 7.1;
				SDKROOT = iphoneos;
				VALIDATE_PRODUCT = YES;
			};
			name = Release;
		};
		0B1540A8195DF9B10034B077 /* Debug */ = {
			isa = XCBuildConfiguration;
			buildSettings = {
				ASSETCATALOG_COMPILER_APPICON_NAME = AppIcon;
				ASSETCATALOG_COMPILER_LAUNCHIMAGE_NAME = LaunchImage;
				GCC_PRECOMPILE_PREFIX_HEADER = YES;
				GCC_PREFIX_HEADER = "WLStarter/WLStarter-Prefix.pch";
				INFOPLIST_FILE = "WLStarter/WLStarter-Info.plist";
				PRODUCT_NAME = "$(TARGET_NAME)";
				WRAPPER_EXTENSION = app;
			};
			name = Debug;
		};
		0B1540A9195DF9B10034B077 /* Release */ = {
			isa = XCBuildConfiguration;
			buildSettings = {
				ASSETCATALOG_COMPILER_APPICON_NAME = AppIcon;
				ASSETCATALOG_COMPILER_LAUNCHIMAGE_NAME = LaunchImage;
				GCC_PRECOMPILE_PREFIX_HEADER = YES;
				GCC_PREFIX_HEADER = "WLStarter/WLStarter-Prefix.pch";
				INFOPLIST_FILE = "WLStarter/WLStarter-Info.plist";
				PRODUCT_NAME = "$(TARGET_NAME)";
				WRAPPER_EXTENSION = app;
			};
			name = Release;
		};
		0B1540AB195DF9B10034B077 /* Debug */ = {
			isa = XCBuildConfiguration;
			buildSettings = {
				BUNDLE_LOADER = "$(BUILT_PRODUCTS_DIR)/WLStarter.app/WLStarter";
				FRAMEWORK_SEARCH_PATHS = (
					"$(SDKROOT)/Developer/Library/Frameworks",
					"$(inherited)",
					"$(DEVELOPER_FRAMEWORKS_DIR)",
				);
				GCC_PRECOMPILE_PREFIX_HEADER = YES;
				GCC_PREFIX_HEADER = "WLStarter/WLStarter-Prefix.pch";
				GCC_PREPROCESSOR_DEFINITIONS = (
					"DEBUG=1",
					"$(inherited)",
				);
				INFOPLIST_FILE = "WLStarterTests/WLStarterTests-Info.plist";
				PRODUCT_NAME = "$(TARGET_NAME)";
				TEST_HOST = "$(BUNDLE_LOADER)";
				WRAPPER_EXTENSION = xctest;
			};
			name = Debug;
		};
		0B1540AC195DF9B10034B077 /* Release */ = {
			isa = XCBuildConfiguration;
			buildSettings = {
				BUNDLE_LOADER = "$(BUILT_PRODUCTS_DIR)/WLStarter.app/WLStarter";
				FRAMEWORK_SEARCH_PATHS = (
					"$(SDKROOT)/Developer/Library/Frameworks",
					"$(inherited)",
					"$(DEVELOPER_FRAMEWORKS_DIR)",
				);
				GCC_PRECOMPILE_PREFIX_HEADER = YES;
				GCC_PREFIX_HEADER = "WLStarter/WLStarter-Prefix.pch";
				INFOPLIST_FILE = "WLStarterTests/WLStarterTests-Info.plist";
				PRODUCT_NAME = "$(TARGET_NAME)";
				TEST_HOST = "$(BUNDLE_LOADER)";
				WRAPPER_EXTENSION = xctest;
			};
			name = Release;
		};
/* End XCBuildConfiguration section */

/* Begin XCConfigurationList section */
		0B154070195DF9B10034B077 /* Build configuration list for PBXProject "WLStarter" */ = {
			isa = XCConfigurationList;
			buildConfigurations = (
				0B1540A5195DF9B10034B077 /* Debug */,
				0B1540A6195DF9B10034B077 /* Release */,
			);
			defaultConfigurationIsVisible = 0;
			defaultConfigurationName = Release;
		};
		0B1540A7195DF9B10034B077 /* Build configuration list for PBXNativeTarget "WLStarter" */ = {
			isa = XCConfigurationList;
			buildConfigurations = (
				0B1540A8195DF9B10034B077 /* Debug */,
				0B1540A9195DF9B10034B077 /* Release */,
			);
			defaultConfigurationIsVisible = 0;
		};
		0B1540AA195DF9B10034B077 /* Build configuration list for PBXNativeTarget "WLStarterTests" */ = {
			isa = XCConfigurationList;
			buildConfigurations = (
				0B1540AB195DF9B10034B077 /* Debug */,
				0B1540AC195DF9B10034B077 /* Release */,
			);
			defaultConfigurationIsVisible = 0;
		};
/* End XCConfigurationList section */
	};
	rootObject = 0B15406D195DF9B10034B077 /* Project object */;
}
